
Microsoft Visual Studio Solution File, Format Version 12.00
# Visual Studio Version 17
VisualStudioVersion = 17.10.35122.118
MinimumVisualStudioVersion = 10.0.40219.1
Project("{FAE04EC0-301F-11D3-BF4B-00C04F79EFBC}") = "Demo", "Demo\Demo.csproj", "{D842BEC5-BE0F-47F4-BCE0-58D84927E6F1}"
EndProject
Global
	GlobalSection(SolutionConfigurationPlatforms) = preSolution
		Debug|Any CPU = Debug|Any CPU
		Release|Any CPU = Release|Any CPU
	EndGlobalSection
	GlobalSection(ProjectConfigurationPlatforms) = postSolution
		{D842BEC5-BE0F-47F4-BCE0-58D84927E6F1}.Debug|Any CPU.ActiveCfg = Debug|Any CPU
		{D842BEC5-BE0F-47F4-BCE0-58D84927E6F1}.Debug|Any CPU.Build.0 = Debug|Any CPU
		{D842BEC5-BE0F-47F4-BCE0-58D84927E6F1}.Release|Any CPU.ActiveCfg = Release|Any CPU
		{D842BEC5-BE0F-47F4-BCE0-58D84927E6F1}.Release|Any CPU.Build.0 = Release|Any CPU
	EndGlobalSection
	GlobalSection(SolutionProperties) = preSolution
		HideSolutionNode = FALSE
	EndGlobalSection
	GlobalSection(ExtensibilityGlobals) = postSolution
		SolutionGuid = {DADBBC15-2628-472F-A272-7C5FE0CD434B}
	EndGlobalSection
EndGlobal
